
Microsoft Visual Studio Solution File, Format Version 12.00
# Visual Studio Version 17
VisualStudioVersion = 17.8.34330.188
MinimumVisualStudioVersion = 10.0.40219.1
Project("{FAE04EC0-301F-11D3-BF4B-00C04F79EFBC}") = "serialPort", "serialPort\serialPort.csproj", "{FE997AF3-F7AE-4742-84BC-8CFF9B99932C}"
EndProject
Global
	GlobalSection(SolutionConfigurationPlatforms) = preSolution
		Debug|Any CPU = Debug|Any CPU
		Release|Any CPU = Release|Any CPU
	EndGlobalSection
	GlobalSection(ProjectConfigurationPlatforms) = postSolution
		{FE997AF3-F7AE-4742-84BC-8CFF9B99932C}.Debug|Any CPU.ActiveCfg = Debug|Any CPU
		{FE997AF3-F7AE-4742-84BC-8CFF9B99932C}.Debug|Any CPU.Build.0 = Debug|Any CPU
		{FE997AF3-F7AE-4742-84BC-8CFF9B99932C}.Release|Any CPU.ActiveCfg = Release|Any CPU
		{FE997AF3-F7AE-4742-84BC-8CFF9B99932C}.Release|Any CPU.Build.0 = Release|Any CPU
	EndGlobalSection
	GlobalSection(SolutionProperties) = preSolution
		HideSolutionNode = FALSE
	EndGlobalSection
	GlobalSection(ExtensibilityGlobals) = postSolution
		SolutionGuid = {551302AA-698A-463E-A0BF-F023C14BDBF0}
	EndGlobalSection
EndGlobal
